
Microsoft Visual Studio Solution File, Format Version 12.00
# Visual Studio Version 17
VisualStudioVersion = 17.8.34408.163
MinimumVisualStudioVersion = 10.0.40219.1
Project("{FAE04EC0-301F-11D3-BF4B-00C04F79EFBC}") = "Buoi3ThucHanh", "Buoi3ThucHanh\Buoi3ThucHanh.csproj", "{2501665A-DC3E-479A-BAD3-450F9058ECA0}"
EndProject
Project("{FAE04EC0-301F-11D3-BF4B-00C04F79EFBC}") = "Bai2", "Bai2\Bai2.csproj", "{2EA786E0-D391-4CF1-BFC5-96F2E2A98328}"
EndProject
Global
	GlobalSection(SolutionConfigurationPlatforms) = preSolution
		Debug|Any CPU = Debug|Any CPU
		Release|Any CPU = Release|Any CPU
	EndGlobalSection
	GlobalSection(ProjectConfigurationPlatforms) = postSolution
		{2501665A-DC3E-479A-BAD3-450F9058ECA0}.Debug|Any CPU.ActiveCfg = Debug|Any CPU
		{2501665A-DC3E-479A-BAD3-450F9058ECA0}.Debug|Any CPU.Build.0 = Debug|Any CPU
		{2501665A-DC3E-479A-BAD3-450F9058ECA0}.Release|Any CPU.ActiveCfg = Release|Any CPU
		{2501665A-DC3E-479A-BAD3-450F9058ECA0}.Release|Any CPU.Build.0 = Release|Any CPU
		{2EA786E0-D391-4CF1-BFC5-96F2E2A98328}.Debug|Any CPU.ActiveCfg = Debug|Any CPU
		{2EA786E0-D391-4CF1-BFC5-96F2E2A98328}.Debug|Any CPU.Build.0 = Debug|Any CPU
		{2EA786E0-D391-4CF1-BFC5-96F2E2A98328}.Release|Any CPU.ActiveCfg = Release|Any CPU
		{2EA786E0-D391-4CF1-BFC5-96F2E2A98328}.Release|Any CPU.Build.0 = Release|Any CPU
	EndGlobalSection
	GlobalSection(SolutionProperties) = preSolution
		HideSolutionNode = FALSE
	EndGlobalSection
	GlobalSection(ExtensibilityGlobals) = postSolution
		SolutionGuid = {1A07DCEC-565E-4E69-8FF2-8DBED5433647}
	EndGlobalSection
EndGlobal
